{
  "version": 4,
  "terraform_version": "1.10.3",
  "serial": 6,
  "lineage": "f2207604-9386-e7c1-cc1f-8720e280f01b",
  "outputs": {},
  "resources": [
    {
      "mode": "managed",
      "type": "github_repository",
      "name": "repo001",
      "provider": "provider[\"registry.terraform.io/hashicorp/github\"]",
      "instances": [
        {
          "schema_version": 1,
          "attributes": {
            "allow_auto_merge": false,
            "allow_merge_commit": true,
            "allow_rebase_merge": true,
            "allow_squash_merge": true,
            "allow_update_branch": false,
            "archive_on_destroy": null,
            "archived": false,
            "auto_init": true,
            "default_branch": "main",
            "delete_branch_on_merge": false,
            "description": "My awesome codebase",
            "etag": "W/\"d7e25f3cc39608d0b03007c7bed48593adacf565b5a66ffbe3c575015e125f2b\"",
            "full_name": "jitendractx/comp001",
            "git_clone_url": "git://github.com/jitendractx/comp001.git",
            "gitignore_template": null,
            "has_discussions": false,
            "has_downloads": false,
            "has_issues": false,
            "has_projects": false,
            "has_wiki": false,
            "homepage_url": "",
            "html_url": "https://github.com/jitendractx/comp001",
            "http_clone_url": "https://github.com/jitendractx/comp001.git",
            "id": "comp001",
            "ignore_vulnerability_alerts_during_read": null,
            "is_template": false,
            "license_template": null,
            "merge_commit_message": "PR_TITLE",
            "merge_commit_title": "MERGE_MESSAGE",
            "name": "comp001",
            "node_id": "R_kgDOPvij6A",
            "pages": [],
            "primary_language": "",
            "private": true,
            "repo_id": 1056482280,
            "security_and_analysis": [],
            "squash_merge_commit_message": "COMMIT_MESSAGES",
            "squash_merge_commit_title": "COMMIT_OR_PR_TITLE",
            "ssh_clone_url": "git@github.com:jitendractx/comp001.git",
            "svn_url": "https://github.com/jitendractx/comp001",
            "template": [],
            "topics": [],
            "visibility": "private",
            "vulnerability_alerts": false,
            "web_commit_signoff_required": false
          },
          "sensitive_attributes": [],
          "private": "eyJzY2hlbWFfdmVyc2lvbiI6IjEifQ=="
        }
      ]
    }
  ],
  "check_results": null
}
